// !$*UTF8*$!
{
	archiveVersion = 1;
	classes = {
	};
	objectVersion = 48;
	objects = {

/* Begin PBXBuildFile section */
		1D065DDB2030ECC600F5340E /* Localizable.strings in Resources */ = {isa = PBXBuildFile; fileRef = 1D065DDA2030ECC600F5340E /* Localizable.strings */; };
		1D065DDF20312D8C00F5340E /* EventCell.swift in Sources */ = {isa = PBXBuildFile; fileRef = 1D065DDE20312D8C00F5340E /* EventCell.swift */; };
		1D2D27C32043937C00BB3733 /* UIColor+Vods.swift in Sources */ = {isa = PBXBuildFile; fileRef = 1D2D27C22043937C00BB3733 /* UIColor+Vods.swift */; };
		1D2D27C52043975E00BB3733 /* VideoPlayerOverlay.swift in Sources */ = {isa = PBXBuildFile; fileRef = 1D2D27C42043975E00BB3733 /* VideoPlayerOverlay.swift */; };
		1D2D27C72043A02D00BB3733 /* TeamMatchupView.swift in Sources */ = {isa = PBXBuildFile; fileRef = 1D2D27C62043A02D00BB3733 /* TeamMatchupView.swift */; };
		1D37E1EA203920DB00AEDCDB /* EventSection.swift in Sources */ = {isa = PBXBuildFile; fileRef = 1D37E1E9203920DB00AEDCDB /* EventSection.swift */; };
		1D37E1EC2039211B00AEDCDB /* EventModule.swift in Sources */ = {isa = PBXBuildFile; fileRef = 1D37E1EB2039211B00AEDCDB /* EventModule.swift */; };
		1D37E1EE203925B800AEDCDB /* EventDetailsViewController.swift in Sources */ = {isa = PBXBuildFile; fileRef = 1D37E1ED203925B800AEDCDB /* EventDetailsViewController.swift */; };
		1D37E1F020392BA300AEDCDB /* Match.swift in Sources */ = {isa = PBXBuildFile; fileRef = 1D37E1EF20392BA300AEDCDB /* Match.swift */; };
		1D37E1F220392BDE00AEDCDB /* MatchData.swift in Sources */ = {isa = PBXBuildFile; fileRef = 1D37E1F120392BDE00AEDCDB /* MatchData.swift */; };
		1D37E1F420392BFA00AEDCDB /* YoutubeLink.swift in Sources */ = {isa = PBXBuildFile; fileRef = 1D37E1F320392BFA00AEDCDB /* YoutubeLink.swift */; };
		1D37E1F620392C7800AEDCDB /* Team.swift in Sources */ = {isa = PBXBuildFile; fileRef = 1D37E1F520392C7800AEDCDB /* Team.swift */; };
		1D37E1F820392ECA00AEDCDB /* PlaybackViewController.swift in Sources */ = {isa = PBXBuildFile; fileRef = 1D37E1F720392ECA00AEDCDB /* PlaybackViewController.swift */; };
		1D3DF638204CAD3D007BEAFA /* URLRedirectLoader.swift in Sources */ = {isa = PBXBuildFile; fileRef = 1D3DF637204CAD3D007BEAFA /* URLRedirectLoader.swift */; };
		1D4FC9CA2061644200DB4806 /* MatchAlertController.swift in Sources */ = {isa = PBXBuildFile; fileRef = 1D4FC9C92061644200DB4806 /* MatchAlertController.swift */; };
		1D5FC42D204B394100925DE7 /* String+Vods.swift in Sources */ = {isa = PBXBuildFile; fileRef = 1D5FC42C204B394100925DE7 /* String+Vods.swift */; };
		1D5FC432204B41E300925DE7 /* MatchTableViewCell.swift in Sources */ = {isa = PBXBuildFile; fileRef = 1D5FC431204B41E300925DE7 /* MatchTableViewCell.swift */; };
		1D612610206085A90040D0DB /* HomeHeaderView.swift in Sources */ = {isa = PBXBuildFile; fileRef = 1D61260F206085A90040D0DB /* HomeHeaderView.swift */; };
		1D612612206089000040D0DB /* DetailsHeaderView.swift in Sources */ = {isa = PBXBuildFile; fileRef = 1D612611206089000040D0DB /* DetailsHeaderView.swift */; };
		1D799C09205DF83B009E8001 /* EventvodsUITests.swift in Sources */ = {isa = PBXBuildFile; fileRef = 1D799C08205DF83B009E8001 /* EventvodsUITests.swift */; };
		1D799C10205DF842009E8001 /* SnapshotHelper.swift in Sources */ = {isa = PBXBuildFile; fileRef = 1D1929D7205DAF2C00C56FA5 /* SnapshotHelper.swift */; };
		1D84BCEF20531F6200CE8EEF /* UserDataManager.swift in Sources */ = {isa = PBXBuildFile; fileRef = 1D84BCEE20531F6200CE8EEF /* UserDataManager.swift */; };
		1D84BCF120531FCF00CE8EEF /* SwiftyUserDefaults.swift in Sources */ = {isa = PBXBuildFile; fileRef = 1D84BCF020531FCF00CE8EEF /* SwiftyUserDefaults.swift */; };
		1D95A1BB2043A56400266E32 /* UIView+Vods.swift in Sources */ = {isa = PBXBuildFile; fileRef = 1D95A1BA2043A56400266E32 /* UIView+Vods.swift */; };
		1D9F5A3820545CE300D3A7D0 /* UIFont+Vods.swift in Sources */ = {isa = PBXBuildFile; fileRef = 1D9F5A3720545CE300D3A7D0 /* UIFont+Vods.swift */; };
		1D9F5A3A20546DA600D3A7D0 /* YZSwipeBetweenViewController.swift in Sources */ = {isa = PBXBuildFile; fileRef = 1D9F5A3920546DA600D3A7D0 /* YZSwipeBetweenViewController.swift */; };
		1D9F5A3E205483A700D3A7D0 /* EventsSplitViewController.swift in Sources */ = {isa = PBXBuildFile; fileRef = 1D9F5A3D205483A700D3A7D0 /* EventsSplitViewController.swift */; };
		1D9F5A422054A0A200D3A7D0 /* Crashlytics.framework in Frameworks */ = {isa = PBXBuildFile; fileRef = 1D9F5A402054A0A100D3A7D0 /* Crashlytics.framework */; };
		1D9F5A432054A0A200D3A7D0 /* Fabric.framework in Frameworks */ = {isa = PBXBuildFile; fileRef = 1D9F5A412054A0A200D3A7D0 /* Fabric.framework */; };
		1D9F5A462054D22800D3A7D0 /* PlayerViewManager.swift in Sources */ = {isa = PBXBuildFile; fileRef = 1D9F5A452054D22800D3A7D0 /* PlayerViewManager.swift */; };
		1DB24CD3202B6F3800E6BDB3 /* AppDelegate.swift in Sources */ = {isa = PBXBuildFile; fileRef = 1DB24CD2202B6F3800E6BDB3 /* AppDelegate.swift */; };
		1DB24CD5202B6F3800E6BDB3 /* EventsViewController.swift in Sources */ = {isa = PBXBuildFile; fileRef = 1DB24CD4202B6F3800E6BDB3 /* EventsViewController.swift */; };
		1DB24CD8202B6F3800E6BDB3 /* Main.storyboard in Resources */ = {isa = PBXBuildFile; fileRef = 1DB24CD6202B6F3800E6BDB3 /* Main.storyboard */; };
		1DB24CDA202B6F3800E6BDB3 /* Assets.xcassets in Resources */ = {isa = PBXBuildFile; fileRef = 1DB24CD9202B6F3800E6BDB3 /* Assets.xcassets */; };
		1DB24CDD202B6F3800E6BDB3 /* LaunchScreen.storyboard in Resources */ = {isa = PBXBuildFile; fileRef = 1DB24CDB202B6F3800E6BDB3 /* LaunchScreen.storyboard */; };
		1DB24CE8202B6F3800E6BDB3 /* Event_VodsTests.swift in Sources */ = {isa = PBXBuildFile; fileRef = 1DB24CE7202B6F3800E6BDB3 /* Event_VodsTests.swift */; };
		1DD3DD852030992200A0F152 /* Event.swift in Sources */ = {isa = PBXBuildFile; fileRef = 1DD3DD842030992200A0F152 /* Event.swift */; };
		1DD3DD8920309AFA00A0F152 /* Endpoint.swift in Sources */ = {isa = PBXBuildFile; fileRef = 1DD3DD8820309AFA00A0F152 /* Endpoint.swift */; };
		1DD3DD8B20309BEB00A0F152 /* EventVods.swift in Sources */ = {isa = PBXBuildFile; fileRef = 1DD3DD8A20309BEB00A0F152 /* EventVods.swift */; };
		1DD3DD9720309F5900A0F152 /* Game.swift in Sources */ = {isa = PBXBuildFile; fileRef = 1DD3DD9620309F5900A0F152 /* Game.swift */; };
		1DD3DD9B2030A8C900A0F152 /* EventAPI.swift in Sources */ = {isa = PBXBuildFile; fileRef = 1DD3DD9A2030A8C900A0F152 /* EventAPI.swift */; };
		1DD3DD9E2030B42700A0F152 /* EventTableViewCell.swift in Sources */ = {isa = PBXBuildFile; fileRef = 1DD3DD9D2030B42700A0F152 /* EventTableViewCell.swift */; };
		1DEA8E0A205EC5FF002A809E /* TwitchLink.swift in Sources */ = {isa = PBXBuildFile; fileRef = 1DEA8E09205EC5FF002A809E /* TwitchLink.swift */; };
		1DFCB950204B105E0091C7CA /* UIButton+Vods.swift in Sources */ = {isa = PBXBuildFile; fileRef = 1DFCB94F204B105E0091C7CA /* UIButton+Vods.swift */; };
		41F4BE1D485F6E1E5CE29EBB /* Pods_EventvodsTests.framework in Frameworks */ = {isa = PBXBuildFile; fileRef = 4328703EFF3F75F855DC2F4E /* Pods_EventvodsTests.framework */; };
		71FE9E3E237F895C9227AF2F /* Pods_Eventvods.framework in Frameworks */ = {isa = PBXBuildFile; fileRef = C5CDD518BC69C71FA16465FD /* Pods_Eventvods.framework */; };
/* End PBXBuildFile section */

/* Begin PBXContainerItemProxy section */
		1D799C0B205DF83B009E8001 /* PBXContainerItemProxy */ = {
			isa = PBXContainerItemProxy;
			containerPortal = 1DB24CC7202B6F3800E6BDB3 /* Project object */;
			proxyType = 1;
			remoteGlobalIDString = 1DB24CCE202B6F3800E6BDB3;
			remoteInfo = Eventvods;
		};
		1DB24CE4202B6F3800E6BDB3 /* PBXContainerItemProxy */ = {
			isa = PBXContainerItemProxy;
			containerPortal = 1DB24CC7202B6F3800E6BDB3 /* Project object */;
			proxyType = 1;
			remoteGlobalIDString = 1DB24CCE202B6F3800E6BDB3;
			remoteInfo = "Event Vods";
		};
/* End PBXContainerItemProxy section */

/* Begin PBXFileReference section */
		174532E4DD2F2B325524A192 /* Pods-EventvodsTests.release.xcconfig */ = {isa = PBXFileReference; includeInIndex = 1; lastKnownFileType = text.xcconfig; name = "Pods-EventvodsTests.release.xcconfig"; path = "Pods/Target Support Files/Pods-EventvodsTests/Pods-EventvodsTests.release.xcconfig"; sourceTree = "<group>"; };
		1D065DDA2030ECC600F5340E /* Localizable.strings */ = {isa = PBXFileReference; lastKnownFileType = text.plist.strings; path = Localizable.strings; sourceTree = "<group>"; };
		1D065DDE20312D8C00F5340E /* EventCell.swift */ = {isa = PBXFileReference; lastKnownFileType = sourcecode.swift; path = EventCell.swift; sourceTree = "<group>"; };
		1D1929D7205DAF2C00C56FA5 /* SnapshotHelper.swift */ = {isa = PBXFileReference; fileEncoding = 4; lastKnownFileType = sourcecode.swift; name = SnapshotHelper.swift; path = EventvodsUITests/SnapshotHelper.swift; sourceTree = SOURCE_ROOT; };
		1D2D27C22043937C00BB3733 /* UIColor+Vods.swift */ = {isa = PBXFileReference; lastKnownFileType = sourcecode.swift; path = "UIColor+Vods.swift"; sourceTree = "<group>"; };
		1D2D27C42043975E00BB3733 /* VideoPlayerOverlay.swift */ = {isa = PBXFileReference; lastKnownFileType = sourcecode.swift; path = VideoPlayerOverlay.swift; sourceTree = "<group>"; };
		1D2D27C62043A02D00BB3733 /* TeamMatchupView.swift */ = {isa = PBXFileReference; lastKnownFileType = sourcecode.swift; path = TeamMatchupView.swift; sourceTree = "<group>"; };
		1D37E1E9203920DB00AEDCDB /* EventSection.swift */ = {isa = PBXFileReference; lastKnownFileType = sourcecode.swift; path = EventSection.swift; sourceTree = "<group>"; };
		1D37E1EB2039211B00AEDCDB /* EventModule.swift */ = {isa = PBXFileReference; lastKnownFileType = sourcecode.swift; path = EventModule.swift; sourceTree = "<group>"; };
		1D37E1ED203925B800AEDCDB /* EventDetailsViewController.swift */ = {isa = PBXFileReference; lastKnownFileType = sourcecode.swift; path = EventDetailsViewController.swift; sourceTree = "<group>"; };
		1D37E1EF20392BA300AEDCDB /* Match.swift */ = {isa = PBXFileReference; lastKnownFileType = sourcecode.swift; path = Match.swift; sourceTree = "<group>"; };
		1D37E1F120392BDE00AEDCDB /* MatchData.swift */ = {isa = PBXFileReference; lastKnownFileType = sourcecode.swift; path = MatchData.swift; sourceTree = "<group>"; };
		1D37E1F320392BFA00AEDCDB /* YoutubeLink.swift */ = {isa = PBXFileReference; lastKnownFileType = sourcecode.swift; path = YoutubeLink.swift; sourceTree = "<group>"; };
		1D37E1F520392C7800AEDCDB /* Team.swift */ = {isa = PBXFileReference; lastKnownFileType = sourcecode.swift; path = Team.swift; sourceTree = "<group>"; };
		1D37E1F720392ECA00AEDCDB /* PlaybackViewController.swift */ = {isa = PBXFileReference; lastKnownFileType = sourcecode.swift; path = PlaybackViewController.swift; sourceTree = "<group>"; };
		1D3DF637204CAD3D007BEAFA /* URLRedirectLoader.swift */ = {isa = PBXFileReference; lastKnownFileType = sourcecode.swift; path = URLRedirectLoader.swift; sourceTree = "<group>"; };
		1D4FC9C92061644200DB4806 /* MatchAlertController.swift */ = {isa = PBXFileReference; lastKnownFileType = sourcecode.swift; path = MatchAlertController.swift; sourceTree = "<group>"; };
		1D5FC42C204B394100925DE7 /* String+Vods.swift */ = {isa = PBXFileReference; lastKnownFileType = sourcecode.swift; path = "String+Vods.swift"; sourceTree = "<group>"; };
		1D5FC431204B41E300925DE7 /* MatchTableViewCell.swift */ = {isa = PBXFileReference; lastKnownFileType = sourcecode.swift; path = MatchTableViewCell.swift; sourceTree = "<group>"; };
		1D61260F206085A90040D0DB /* HomeHeaderView.swift */ = {isa = PBXFileReference; lastKnownFileType = sourcecode.swift; path = HomeHeaderView.swift; sourceTree = "<group>"; };
		1D612611206089000040D0DB /* DetailsHeaderView.swift */ = {isa = PBXFileReference; lastKnownFileType = sourcecode.swift; path = DetailsHeaderView.swift; sourceTree = "<group>"; };
		1D799C06205DF83B009E8001 /* EventvodsUITests.xctest */ = {isa = PBXFileReference; explicitFileType = wrapper.cfbundle; includeInIndex = 0; path = EventvodsUITests.xctest; sourceTree = BUILT_PRODUCTS_DIR; };
		1D799C08205DF83B009E8001 /* EventvodsUITests.swift */ = {isa = PBXFileReference; lastKnownFileType = sourcecode.swift; path = EventvodsUITests.swift; sourceTree = "<group>"; };
		1D799C0A205DF83B009E8001 /* Info.plist */ = {isa = PBXFileReference; lastKnownFileType = text.plist.xml; path = Info.plist; sourceTree = "<group>"; };
		1D84BCEE20531F6200CE8EEF /* UserDataManager.swift */ = {isa = PBXFileReference; lastKnownFileType = sourcecode.swift; path = UserDataManager.swift; sourceTree = "<group>"; };
		1D84BCF020531FCF00CE8EEF /* SwiftyUserDefaults.swift */ = {isa = PBXFileReference; lastKnownFileType = sourcecode.swift; path = SwiftyUserDefaults.swift; sourceTree = "<group>"; };
		1D95A1BA2043A56400266E32 /* UIView+Vods.swift */ = {isa = PBXFileReference; lastKnownFileType = sourcecode.swift; path = "UIView+Vods.swift"; sourceTree = "<group>"; };
		1D9F5A3720545CE300D3A7D0 /* UIFont+Vods.swift */ = {isa = PBXFileReference; lastKnownFileType = sourcecode.swift; path = "UIFont+Vods.swift"; sourceTree = "<group>"; };
		1D9F5A3920546DA600D3A7D0 /* YZSwipeBetweenViewController.swift */ = {isa = PBXFileReference; lastKnownFileType = sourcecode.swift; path = YZSwipeBetweenViewController.swift; sourceTree = "<group>"; };
		1D9F5A3D205483A700D3A7D0 /* EventsSplitViewController.swift */ = {isa = PBXFileReference; lastKnownFileType = sourcecode.swift; path = EventsSplitViewController.swift; sourceTree = "<group>"; };
		1D9F5A3F20548E8A00D3A7D0 /* Event Vods.entitlements */ = {isa = PBXFileReference; lastKnownFileType = text.plist.entitlements; path = "Event Vods.entitlements"; sourceTree = "<group>"; };
		1D9F5A402054A0A100D3A7D0 /* Crashlytics.framework */ = {isa = PBXFileReference; lastKnownFileType = wrapper.framework; path = Crashlytics.framework; sourceTree = "<group>"; };
		1D9F5A412054A0A200D3A7D0 /* Fabric.framework */ = {isa = PBXFileReference; lastKnownFileType = wrapper.framework; path = Fabric.framework; sourceTree = "<group>"; };
		1D9F5A452054D22800D3A7D0 /* PlayerViewManager.swift */ = {isa = PBXFileReference; lastKnownFileType = sourcecode.swift; path = PlayerViewManager.swift; sourceTree = "<group>"; };
		1DB24CCF202B6F3800E6BDB3 /* Eventvods.app */ = {isa = PBXFileReference; explicitFileType = wrapper.application; includeInIndex = 0; path = Eventvods.app; sourceTree = BUILT_PRODUCTS_DIR; };
		1DB24CD2202B6F3800E6BDB3 /* AppDelegate.swift */ = {isa = PBXFileReference; lastKnownFileType = sourcecode.swift; path = AppDelegate.swift; sourceTree = "<group>"; };
		1DB24CD4202B6F3800E6BDB3 /* EventsViewController.swift */ = {isa = PBXFileReference; lastKnownFileType = sourcecode.swift; path = EventsViewController.swift; sourceTree = "<group>"; };
		1DB24CD7202B6F3800E6BDB3 /* Base */ = {isa = PBXFileReference; lastKnownFileType = file.storyboard; name = Base; path = Base.lproj/Main.storyboard; sourceTree = "<group>"; };
		1DB24CD9202B6F3800E6BDB3 /* Assets.xcassets */ = {isa = PBXFileReference; lastKnownFileType = folder.assetcatalog; path = Assets.xcassets; sourceTree = "<group>"; };
		1DB24CDC202B6F3800E6BDB3 /* Base */ = {isa = PBXFileReference; lastKnownFileType = file.storyboard; name = Base; path = Base.lproj/LaunchScreen.storyboard; sourceTree = "<group>"; };
		1DB24CDE202B6F3800E6BDB3 /* Info.plist */ = {isa = PBXFileReference; lastKnownFileType = text.plist.xml; path = Info.plist; sourceTree = "<group>"; };
		1DB24CE3202B6F3800E6BDB3 /* EventvodsTests.xctest */ = {isa = PBXFileReference; explicitFileType = wrapper.cfbundle; includeInIndex = 0; path = EventvodsTests.xctest; sourceTree = BUILT_PRODUCTS_DIR; };
		1DB24CE7202B6F3800E6BDB3 /* Event_VodsTests.swift */ = {isa = PBXFileReference; lastKnownFileType = sourcecode.swift; path = Event_VodsTests.swift; sourceTree = "<group>"; };
		1DB24CE9202B6F3800E6BDB3 /* Info.plist */ = {isa = PBXFileReference; lastKnownFileType = text.plist.xml; path = Info.plist; sourceTree = "<group>"; };
		1DD3DD83202F3F9900A0F152 /* Podfile */ = {isa = PBXFileReference; lastKnownFileType = text; path = Podfile; sourceTree = SOURCE_ROOT; xcLanguageSpecificationIdentifier = xcode.lang.ruby; };
		1DD3DD842030992200A0F152 /* Event.swift */ = {isa = PBXFileReference; lastKnownFileType = sourcecode.swift; path = Event.swift; sourceTree = "<group>"; };
		1DD3DD8820309AFA00A0F152 /* Endpoint.swift */ = {isa = PBXFileReference; lastKnownFileType = sourcecode.swift; path = Endpoint.swift; sourceTree = "<group>"; };
		1DD3DD8A20309BEB00A0F152 /* EventVods.swift */ = {isa = PBXFileReference; lastKnownFileType = sourcecode.swift; path = EventVods.swift; sourceTree = "<group>"; };
		1DD3DD9620309F5900A0F152 /* Game.swift */ = {isa = PBXFileReference; lastKnownFileType = sourcecode.swift; path = Game.swift; sourceTree = "<group>"; };
		1DD3DD9A2030A8C900A0F152 /* EventAPI.swift */ = {isa = PBXFileReference; lastKnownFileType = sourcecode.swift; path = EventAPI.swift; sourceTree = "<group>"; };
		1DD3DD9D2030B42700A0F152 /* EventTableViewCell.swift */ = {isa = PBXFileReference; lastKnownFileType = sourcecode.swift; path = EventTableViewCell.swift; sourceTree = "<group>"; };
		1DEA8E09205EC5FF002A809E /* TwitchLink.swift */ = {isa = PBXFileReference; lastKnownFileType = sourcecode.swift; path = TwitchLink.swift; sourceTree = "<group>"; };
		1DFCB94F204B105E0091C7CA /* UIButton+Vods.swift */ = {isa = PBXFileReference; lastKnownFileType = sourcecode.swift; path = "UIButton+Vods.swift"; sourceTree = "<group>"; };
		3D2001AE95AE919A72D29A71 /* Pods-EventvodsTests.debug.xcconfig */ = {isa = PBXFileReference; includeInIndex = 1; lastKnownFileType = text.xcconfig; name = "Pods-EventvodsTests.debug.xcconfig"; path = "Pods/Target Support Files/Pods-EventvodsTests/Pods-EventvodsTests.debug.xcconfig"; sourceTree = "<group>"; };
		4328703EFF3F75F855DC2F4E /* Pods_EventvodsTests.framework */ = {isa = PBXFileReference; explicitFileType = wrapper.framework; includeInIndex = 0; path = Pods_EventvodsTests.framework; sourceTree = BUILT_PRODUCTS_DIR; };
		6835E73D282FF406D5ED1A5D /* Pods-Eventvods.debug.xcconfig */ = {isa = PBXFileReference; includeInIndex = 1; lastKnownFileType = text.xcconfig; name = "Pods-Eventvods.debug.xcconfig"; path = "Pods/Target Support Files/Pods-Eventvods/Pods-Eventvods.debug.xcconfig"; sourceTree = "<group>"; };
		C5CDD518BC69C71FA16465FD /* Pods_Eventvods.framework */ = {isa = PBXFileReference; explicitFileType = wrapper.framework; includeInIndex = 0; path = Pods_Eventvods.framework; sourceTree = BUILT_PRODUCTS_DIR; };
		E445E8003FD7F81A90D9E734 /* Pods-Eventvods.release.xcconfig */ = {isa = PBXFileReference; includeInIndex = 1; lastKnownFileType = text.xcconfig; name = "Pods-Eventvods.release.xcconfig"; path = "Pods/Target Support Files/Pods-Eventvods/Pods-Eventvods.release.xcconfig"; sourceTree = "<group>"; };
/* End PBXFileReference section */

/* Begin PBXFrameworksBuildPhase section */
		1D799C03205DF83B009E8001 /* Frameworks */ = {
			isa = PBXFrameworksBuildPhase;
			buildActionMask = 2147483647;
			files = (
			);
			runOnlyForDeploymentPostprocessing = 0;
		};
		1DB24CCC202B6F3800E6BDB3 /* Frameworks */ = {
			isa = PBXFrameworksBuildPhase;
			buildActionMask = 2147483647;
			files = (
				1D9F5A422054A0A200D3A7D0 /* Crashlytics.framework in Frameworks */,
				1D9F5A432054A0A200D3A7D0 /* Fabric.framework in Frameworks */,
				71FE9E3E237F895C9227AF2F /* Pods_Eventvods.framework in Frameworks */,
			);
			runOnlyForDeploymentPostprocessing = 0;
		};
		1DB24CE0202B6F3800E6BDB3 /* Frameworks */ = {
			isa = PBXFrameworksBuildPhase;
			buildActionMask = 2147483647;
			files = (
				41F4BE1D485F6E1E5CE29EBB /* Pods_EventvodsTests.framework in Frameworks */,
			);
			runOnlyForDeploymentPostprocessing = 0;
		};
/* End PBXFrameworksBuildPhase section */

/* Begin PBXGroup section */
		1D799C07205DF83B009E8001 /* EventvodsUITests */ = {
			isa = PBXGroup;
			children = (
				1D1929D7205DAF2C00C56FA5 /* SnapshotHelper.swift */,
				1D799C08205DF83B009E8001 /* EventvodsUITests.swift */,
				1D799C0A205DF83B009E8001 /* Info.plist */,
			);
			path = EventvodsUITests;
			sourceTree = "<group>";
		};
		1D84BCED20531F4200CE8EEF /* Persistance */ = {
			isa = PBXGroup;
			children = (
				1D84BCEE20531F6200CE8EEF /* UserDataManager.swift */,
				1D84BCF020531FCF00CE8EEF /* SwiftyUserDefaults.swift */,
			);
			path = Persistance;
			sourceTree = "<group>";
		};
		1DB24CC6202B6F3800E6BDB3 = {
			isa = PBXGroup;
			children = (
				1DB24CD1202B6F3800E6BDB3 /* Eventvods */,
				1DB24CE6202B6F3800E6BDB3 /* EventvodsTests */,
				1D799C07205DF83B009E8001 /* EventvodsUITests */,
				1DB24CD0202B6F3800E6BDB3 /* Products */,
				F9BBB781F35B5B7FBB8A2EC1 /* Pods */,
				5C91444DD88D850EBDE3F63A /* Frameworks */,
			);
			sourceTree = "<group>";
		};
		1DB24CD0202B6F3800E6BDB3 /* Products */ = {
			isa = PBXGroup;
			children = (
				1DB24CCF202B6F3800E6BDB3 /* Eventvods.app */,
				1DB24CE3202B6F3800E6BDB3 /* EventvodsTests.xctest */,
				1D799C06205DF83B009E8001 /* EventvodsUITests.xctest */,
			);
			name = Products;
			sourceTree = "<group>";
		};
		1DB24CD1202B6F3800E6BDB3 /* Eventvods */ = {
			isa = PBXGroup;
			children = (
				1D9F5A3F20548E8A00D3A7D0 /* Event Vods.entitlements */,
				1D84BCED20531F4200CE8EEF /* Persistance */,
				1DFCB94E204B10500091C7CA /* UIKit & Foundation extensions */,
				1DD3DD9F2030B7AC00A0F152 /* View */,
				1DD3DD9C2030B41C00A0F152 /* Cells */,
				1DD3DD9320309E0F00A0F152 /* Models */,
				1DD3DD9220309DFE00A0F152 /* Networking */,
				1DD3DD83202F3F9900A0F152 /* Podfile */,
				1DB24CD2202B6F3800E6BDB3 /* AppDelegate.swift */,
				1DB24CD4202B6F3800E6BDB3 /* EventsViewController.swift */,
				1D37E1ED203925B800AEDCDB /* EventDetailsViewController.swift */,
				1D37E1F720392ECA00AEDCDB /* PlaybackViewController.swift */,
				1D065DDA2030ECC600F5340E /* Localizable.strings */,
				1DB24CD6202B6F3800E6BDB3 /* Main.storyboard */,
				1DB24CD9202B6F3800E6BDB3 /* Assets.xcassets */,
				1DB24CDB202B6F3800E6BDB3 /* LaunchScreen.storyboard */,
				1DB24CDE202B6F3800E6BDB3 /* Info.plist */,
				1D9F5A3D205483A700D3A7D0 /* EventsSplitViewController.swift */,
				1D4FC9C92061644200DB4806 /* MatchAlertController.swift */,
			);
			path = Eventvods;
			sourceTree = "<group>";
		};
		1DB24CE6202B6F3800E6BDB3 /* EventvodsTests */ = {
			isa = PBXGroup;
			children = (
				1DB24CE7202B6F3800E6BDB3 /* Event_VodsTests.swift */,
				1DB24CE9202B6F3800E6BDB3 /* Info.plist */,
			);
			path = EventvodsTests;
			sourceTree = "<group>";
		};
		1DD3DD9220309DFE00A0F152 /* Networking */ = {
			isa = PBXGroup;
			children = (
				1DD3DD9A2030A8C900A0F152 /* EventAPI.swift */,
				1DD3DD8820309AFA00A0F152 /* Endpoint.swift */,
				1DD3DD8A20309BEB00A0F152 /* EventVods.swift */,
				1D3DF637204CAD3D007BEAFA /* URLRedirectLoader.swift */,
			);
			path = Networking;
			sourceTree = "<group>";
		};
		1DD3DD9320309E0F00A0F152 /* Models */ = {
			isa = PBXGroup;
			children = (
				1DD3DD842030992200A0F152 /* Event.swift */,
				1D37E1EB2039211B00AEDCDB /* EventModule.swift */,
				1D37E1EF20392BA300AEDCDB /* Match.swift */,
				1D37E1F520392C7800AEDCDB /* Team.swift */,
				1D37E1F120392BDE00AEDCDB /* MatchData.swift */,
				1D37E1F320392BFA00AEDCDB /* YoutubeLink.swift */,
				1DEA8E09205EC5FF002A809E /* TwitchLink.swift */,
				1DD3DD9620309F5900A0F152 /* Game.swift */,
				1D37E1E9203920DB00AEDCDB /* EventSection.swift */,
			);
			path = Models;
			sourceTree = "<group>";
		};
		1DD3DD9C2030B41C00A0F152 /* Cells */ = {
			isa = PBXGroup;
			children = (
				1DD3DD9D2030B42700A0F152 /* EventTableViewCell.swift */,
				1D065DDE20312D8C00F5340E /* EventCell.swift */,
				1D5FC431204B41E300925DE7 /* MatchTableViewCell.swift */,
			);
			path = Cells;
			sourceTree = "<group>";
		};
		1DD3DD9F2030B7AC00A0F152 /* View */ = {
			isa = PBXGroup;
			children = (
				1D2D27C42043975E00BB3733 /* VideoPlayerOverlay.swift */,
				1D2D27C62043A02D00BB3733 /* TeamMatchupView.swift */,
				1D9F5A3920546DA600D3A7D0 /* YZSwipeBetweenViewController.swift */,
				1D9F5A452054D22800D3A7D0 /* PlayerViewManager.swift */,
				1D61260F206085A90040D0DB /* HomeHeaderView.swift */,
				1D612611206089000040D0DB /* DetailsHeaderView.swift */,
			);
			path = View;
			sourceTree = "<group>";
		};
		1DFCB94E204B10500091C7CA /* UIKit & Foundation extensions */ = {
			isa = PBXGroup;
			children = (
				1D2D27C22043937C00BB3733 /* UIColor+Vods.swift */,
				1D95A1BA2043A56400266E32 /* UIView+Vods.swift */,
				1DFCB94F204B105E0091C7CA /* UIButton+Vods.swift */,
				1D9F5A3720545CE300D3A7D0 /* UIFont+Vods.swift */,
				1D5FC42C204B394100925DE7 /* String+Vods.swift */,
			);
			path = "UIKit & Foundation extensions";
			sourceTree = "<group>";
		};
		5C91444DD88D850EBDE3F63A /* Frameworks */ = {
			isa = PBXGroup;
			children = (
				1D9F5A402054A0A100D3A7D0 /* Crashlytics.framework */,
				1D9F5A412054A0A200D3A7D0 /* Fabric.framework */,
				C5CDD518BC69C71FA16465FD /* Pods_Eventvods.framework */,
				4328703EFF3F75F855DC2F4E /* Pods_EventvodsTests.framework */,
			);
			name = Frameworks;
			sourceTree = "<group>";
		};
		F9BBB781F35B5B7FBB8A2EC1 /* Pods */ = {
			isa = PBXGroup;
			children = (
				6835E73D282FF406D5ED1A5D /* Pods-Eventvods.debug.xcconfig */,
				E445E8003FD7F81A90D9E734 /* Pods-Eventvods.release.xcconfig */,
				3D2001AE95AE919A72D29A71 /* Pods-EventvodsTests.debug.xcconfig */,
				174532E4DD2F2B325524A192 /* Pods-EventvodsTests.release.xcconfig */,
			);
			name = Pods;
			sourceTree = "<group>";
		};
/* End PBXGroup section */

/* Begin PBXNativeTarget section */
		1D799C05205DF83B009E8001 /* EventvodsUITests */ = {
			isa = PBXNativeTarget;
			buildConfigurationList = 1D799C0D205DF83B009E8001 /* Build configuration list for PBXNativeTarget "EventvodsUITests" */;
			buildPhases = (
				1D799C02205DF83B009E8001 /* Sources */,
				1D799C03205DF83B009E8001 /* Frameworks */,
				1D799C04205DF83B009E8001 /* Resources */,
			);
			buildRules = (
			);
			dependencies = (
				1D799C0C205DF83B009E8001 /* PBXTargetDependency */,
			);
			name = EventvodsUITests;
			productName = EventvodsUITests;
			productReference = 1D799C06205DF83B009E8001 /* EventvodsUITests.xctest */;
			productType = "com.apple.product-type.bundle.ui-testing";
		};
		1DB24CCE202B6F3800E6BDB3 /* Eventvods */ = {
			isa = PBXNativeTarget;
			buildConfigurationList = 1DB24CEC202B6F3800E6BDB3 /* Build configuration list for PBXNativeTarget "Eventvods" */;
			buildPhases = (
				A268CA8864FDD3002026ED41 /* [CP] Check Pods Manifest.lock */,
				1DB24CCB202B6F3800E6BDB3 /* Sources */,
				1DB24CCC202B6F3800E6BDB3 /* Frameworks */,
				1DB24CCD202B6F3800E6BDB3 /* Resources */,
				40A8DF1A330CAE7234180356 /* [CP] Embed Pods Frameworks */,
				9B64787672503838935DBB6A /* [CP] Copy Pods Resources */,
				1D9F5A442054A16400D3A7D0 /* ShellScript */,
			);
			buildRules = (
			);
			dependencies = (
			);
			name = Eventvods;
			productName = "Event Vods";
			productReference = 1DB24CCF202B6F3800E6BDB3 /* Eventvods.app */;
			productType = "com.apple.product-type.application";
		};
		1DB24CE2202B6F3800E6BDB3 /* EventvodsTests */ = {
			isa = PBXNativeTarget;
			buildConfigurationList = 1DB24CEF202B6F3800E6BDB3 /* Build configuration list for PBXNativeTarget "EventvodsTests" */;
			buildPhases = (
				A7153D257E5D4C45C1977BAA /* [CP] Check Pods Manifest.lock */,
				1DB24CDF202B6F3800E6BDB3 /* Sources */,
				1DB24CE0202B6F3800E6BDB3 /* Frameworks */,
				1DB24CE1202B6F3800E6BDB3 /* Resources */,
				A848612DE0A2DB60B3FA812A /* [CP] Embed Pods Frameworks */,
				22D5EB147EFE35A76D6CA139 /* [CP] Copy Pods Resources */,
			);
			buildRules = (
			);
			dependencies = (
				1DB24CE5202B6F3800E6BDB3 /* PBXTargetDependency */,
			);
			name = EventvodsTests;
			productName = "Event VodsTests";
			productReference = 1DB24CE3202B6F3800E6BDB3 /* EventvodsTests.xctest */;
			productType = "com.apple.product-type.bundle.unit-test";
		};
/* End PBXNativeTarget section */

/* Begin PBXProject section */
		1DB24CC7202B6F3800E6BDB3 /* Project object */ = {
			isa = PBXProject;
			attributes = {
				LastSwiftUpdateCheck = 0920;
				LastUpgradeCheck = 0920;
				ORGANIZATIONNAME = "Julien Saad";
				TargetAttributes = {
					1D799C05205DF83B009E8001 = {
						CreatedOnToolsVersion = 9.2;
						ProvisioningStyle = Automatic;
						TestTargetID = 1DB24CCE202B6F3800E6BDB3;
					};
					1DB24CCE202B6F3800E6BDB3 = {
						CreatedOnToolsVersion = 9.2;
						ProvisioningStyle = Automatic;
						SystemCapabilities = {
							com.apple.ApplicationGroups.iOS = {
								enabled = 0;
							};
						};
					};
					1DB24CE2202B6F3800E6BDB3 = {
						CreatedOnToolsVersion = 9.2;
						ProvisioningStyle = Automatic;
						TestTargetID = 1DB24CCE202B6F3800E6BDB3;
					};
				};
			};
			buildConfigurationList = 1DB24CCA202B6F3800E6BDB3 /* Build configuration list for PBXProject "Eventvods" */;
			compatibilityVersion = "Xcode 8.0";
			developmentRegion = en;
			hasScannedForEncodings = 0;
			knownRegions = (
				en,
				Base,
			);
			mainGroup = 1DB24CC6202B6F3800E6BDB3;
			productRefGroup = 1DB24CD0202B6F3800E6BDB3 /* Products */;
			projectDirPath = "";
			projectRoot = "";
			targets = (
				1DB24CCE202B6F3800E6BDB3 /* Eventvods */,
				1DB24CE2202B6F3800E6BDB3 /* EventvodsTests */,
				1D799C05205DF83B009E8001 /* EventvodsUITests */,
			);
		};
/* End PBXProject section */

/* Begin PBXResourcesBuildPhase section */
		1D799C04205DF83B009E8001 /* Resources */ = {
			isa = PBXResourcesBuildPhase;
			buildActionMask = 2147483647;
			files = (
			);
			runOnlyForDeploymentPostprocessing = 0;
		};
		1DB24CCD202B6F3800E6BDB3 /* Resources */ = {
			isa = PBXResourcesBuildPhase;
			buildActionMask = 2147483647;
			files = (
				1DB24CDD202B6F3800E6BDB3 /* LaunchScreen.storyboard in Resources */,
				1D065DDB2030ECC600F5340E /* Localizable.strings in Resources */,
				1DB24CDA202B6F3800E6BDB3 /* Assets.xcassets in Resources */,
				1DB24CD8202B6F3800E6BDB3 /* Main.storyboard in Resources */,
			);
			runOnlyForDeploymentPostprocessing = 0;
		};
		1DB24CE1202B6F3800E6BDB3 /* Resources */ = {
			isa = PBXResourcesBuildPhase;
			buildActionMask = 2147483647;
			files = (
			);
			runOnlyForDeploymentPostprocessing = 0;
		};
/* End PBXResourcesBuildPhase section */

/* Begin PBXShellScriptBuildPhase section */
		1D9F5A442054A16400D3A7D0 /* ShellScript */ = {
			isa = PBXShellScriptBuildPhase;
			buildActionMask = 2147483647;
			files = (
			);
			inputPaths = (
			);
			outputPaths = (
			);
			runOnlyForDeploymentPostprocessing = 0;
			shellPath = /bin/sh;
			shellScript = "\"${PROJECT_DIR}/Fabric.framework/run\" 4369c02d22d8d6b58190235aa15805f74db30bb5 2e386c2f7b99e689be121788ad6d95095ce8ef8884078081afe5023b9859201c";
		};
		22D5EB147EFE35A76D6CA139 /* [CP] Copy Pods Resources */ = {
			isa = PBXShellScriptBuildPhase;
			buildActionMask = 2147483647;
			files = (
			);
			inputPaths = (
			);
			name = "[CP] Copy Pods Resources";
			outputPaths = (
			);
			runOnlyForDeploymentPostprocessing = 0;
			shellPath = /bin/sh;
			shellScript = "\"${SRCROOT}/Pods/Target Support Files/Pods-EventvodsTests/Pods-EventvodsTests-resources.sh\"\n";
			showEnvVarsInLog = 0;
		};
		40A8DF1A330CAE7234180356 /* [CP] Embed Pods Frameworks */ = {
			isa = PBXShellScriptBuildPhase;
			buildActionMask = 2147483647;
			files = (
			);
			inputPaths = (
				"${SRCROOT}/Pods/Target Support Files/Pods-Eventvods/Pods-Eventvods-frameworks.sh",
				"${BUILT_PRODUCTS_DIR}/ABVolumeControl/ABVolumeControl.framework",
				"${BUILT_PRODUCTS_DIR}/Kingfisher/Kingfisher.framework",
				"${BUILT_PRODUCTS_DIR}/SVProgressHUD/SVProgressHUD.framework",
				"${BUILT_PRODUCTS_DIR}/Siesta/Siesta.framework",
				"${BUILT_PRODUCTS_DIR}/SnapKit/SnapKit.framework",
				"${BUILT_PRODUCTS_DIR}/youtube-ios-player-helper/youtube_ios_player_helper.framework",
			);
			name = "[CP] Embed Pods Frameworks";
			outputPaths = (
				"${TARGET_BUILD_DIR}/${FRAMEWORKS_FOLDER_PATH}/ABVolumeControl.framework",
				"${TARGET_BUILD_DIR}/${FRAMEWORKS_FOLDER_PATH}/Kingfisher.framework",
				"${TARGET_BUILD_DIR}/${FRAMEWORKS_FOLDER_PATH}/SVProgressHUD.framework",
				"${TARGET_BUILD_DIR}/${FRAMEWORKS_FOLDER_PATH}/Siesta.framework",
				"${TARGET_BUILD_DIR}/${FRAMEWORKS_FOLDER_PATH}/SnapKit.framework",
				"${TARGET_BUILD_DIR}/${FRAMEWORKS_FOLDER_PATH}/youtube_ios_player_helper.framework",
			);
			runOnlyForDeploymentPostprocessing = 0;
			shellPath = /bin/sh;
			shellScript = "\"${SRCROOT}/Pods/Target Support Files/Pods-Eventvods/Pods-Eventvods-frameworks.sh\"\n";
			showEnvVarsInLog = 0;
		};
		9B64787672503838935DBB6A /* [CP] Copy Pods Resources */ = {
			isa = PBXShellScriptBuildPhase;
			buildActionMask = 2147483647;
			files = (
			);
			inputPaths = (
			);
			name = "[CP] Copy Pods Resources";
			outputPaths = (
			);
			runOnlyForDeploymentPostprocessing = 0;
			shellPath = /bin/sh;
			shellScript = "\"${SRCROOT}/Pods/Target Support Files/Pods-Eventvods/Pods-Eventvods-resources.sh\"\n";
			showEnvVarsInLog = 0;
		};
		A268CA8864FDD3002026ED41 /* [CP] Check Pods Manifest.lock */ = {
			isa = PBXShellScriptBuildPhase;
			buildActionMask = 2147483647;
			files = (
			);
			inputPaths = (
				"${PODS_PODFILE_DIR_PATH}/Podfile.lock",
				"${PODS_ROOT}/Manifest.lock",
			);
			name = "[CP] Check Pods Manifest.lock";
			outputPaths = (
				"$(DERIVED_FILE_DIR)/Pods-Eventvods-checkManifestLockResult.txt",
			);
			runOnlyForDeploymentPostprocessing = 0;
			shellPath = /bin/sh;
			shellScript = "diff \"${PODS_PODFILE_DIR_PATH}/Podfile.lock\" \"${PODS_ROOT}/Manifest.lock\" > /dev/null\nif [ $? != 0 ] ; then\n    # print error to STDERR\n    echo \"error: The sandbox is not in sync with the Podfile.lock. Run 'pod install' or update your CocoaPods installation.\" >&2\n    exit 1\nfi\n# This output is used by Xcode 'outputs' to avoid re-running this script phase.\necho \"SUCCESS\" > \"${SCRIPT_OUTPUT_FILE_0}\"\n";
			showEnvVarsInLog = 0;
		};
		A7153D257E5D4C45C1977BAA /* [CP] Check Pods Manifest.lock */ = {
			isa = PBXShellScriptBuildPhase;
			buildActionMask = 2147483647;
			files = (
			);
			inputPaths = (
				"${PODS_PODFILE_DIR_PATH}/Podfile.lock",
				"${PODS_ROOT}/Manifest.lock",
			);
			name = "[CP] Check Pods Manifest.lock";
			outputPaths = (
				"$(DERIVED_FILE_DIR)/Pods-EventvodsTests-checkManifestLockResult.txt",
			);
			runOnlyForDeploymentPostprocessing = 0;
			shellPath = /bin/sh;
			shellScript = "diff \"${PODS_PODFILE_DIR_PATH}/Podfile.lock\" \"${PODS_ROOT}/Manifest.lock\" > /dev/null\nif [ $? != 0 ] ; then\n    # print error to STDERR\n    echo \"error: The sandbox is not in sync with the Podfile.lock. Run 'pod install' or update your CocoaPods installation.\" >&2\n    exit 1\nfi\n# This output is used by Xcode 'outputs' to avoid re-running this script phase.\necho \"SUCCESS\" > \"${SCRIPT_OUTPUT_FILE_0}\"\n";
			showEnvVarsInLog = 0;
		};
		A848612DE0A2DB60B3FA812A /* [CP] Embed Pods Frameworks */ = {
			isa = PBXShellScriptBuildPhase;
			buildActionMask = 2147483647;
			files = (
			);
			inputPaths = (
			);
			name = "[CP] Embed Pods Frameworks";
			outputPaths = (
			);
			runOnlyForDeploymentPostprocessing = 0;
			shellPath = /bin/sh;
			shellScript = "\"${SRCROOT}/Pods/Target Support Files/Pods-EventvodsTests/Pods-EventvodsTests-frameworks.sh\"\n";
			showEnvVarsInLog = 0;
		};
/* End PBXShellScriptBuildPhase section */

/* Begin PBXSourcesBuildPhase section */
		1D799C02205DF83B009E8001 /* Sources */ = {
			isa = PBXSourcesBuildPhase;
			buildActionMask = 2147483647;
			files = (
				1D799C09205DF83B009E8001 /* EventvodsUITests.swift in Sources */,
				1D799C10205DF842009E8001 /* SnapshotHelper.swift in Sources */,
			);
			runOnlyForDeploymentPostprocessing = 0;
		};
		1DB24CCB202B6F3800E6BDB3 /* Sources */ = {
			isa = PBXSourcesBuildPhase;
			buildActionMask = 2147483647;
			files = (
				1D9F5A3820545CE300D3A7D0 /* UIFont+Vods.swift in Sources */,
				1D84BCEF20531F6200CE8EEF /* UserDataManager.swift in Sources */,
				1D37E1EA203920DB00AEDCDB /* EventSection.swift in Sources */,
				1DD3DD9E2030B42700A0F152 /* EventTableViewCell.swift in Sources */,
				1D2D27C72043A02D00BB3733 /* TeamMatchupView.swift in Sources */,
				1D37E1EE203925B800AEDCDB /* EventDetailsViewController.swift in Sources */,
				1DB24CD5202B6F3800E6BDB3 /* EventsViewController.swift in Sources */,
				1D065DDF20312D8C00F5340E /* EventCell.swift in Sources */,
				1D37E1EC2039211B00AEDCDB /* EventModule.swift in Sources */,
				1DD3DD9B2030A8C900A0F152 /* EventAPI.swift in Sources */,
				1D37E1F420392BFA00AEDCDB /* YoutubeLink.swift in Sources */,
				1D2D27C32043937C00BB3733 /* UIColor+Vods.swift in Sources */,
				1D5FC42D204B394100925DE7 /* String+Vods.swift in Sources */,
				1D37E1F620392C7800AEDCDB /* Team.swift in Sources */,
				1D37E1F820392ECA00AEDCDB /* PlaybackViewController.swift in Sources */,
				1DD3DD852030992200A0F152 /* Event.swift in Sources */,
				1D2D27C52043975E00BB3733 /* VideoPlayerOverlay.swift in Sources */,
				1D4FC9CA2061644200DB4806 /* MatchAlertController.swift in Sources */,
				1D84BCF120531FCF00CE8EEF /* SwiftyUserDefaults.swift in Sources */,
				1D612610206085A90040D0DB /* HomeHeaderView.swift in Sources */,
				1D3DF638204CAD3D007BEAFA /* URLRedirectLoader.swift in Sources */,
				1D37E1F220392BDE00AEDCDB /* MatchData.swift in Sources */,
				1D9F5A462054D22800D3A7D0 /* PlayerViewManager.swift in Sources */,
				1D612612206089000040D0DB /* DetailsHeaderView.swift in Sources */,
				1DFCB950204B105E0091C7CA /* UIButton+Vods.swift in Sources */,
				1DEA8E0A205EC5FF002A809E /* TwitchLink.swift in Sources */,
				1D5FC432204B41E300925DE7 /* MatchTableViewCell.swift in Sources */,
				1DB24CD3202B6F3800E6BDB3 /* AppDelegate.swift in Sources */,
				1DD3DD9720309F5900A0F152 /* Game.swift in Sources */,
				1D9F5A3E205483A700D3A7D0 /* EventsSplitViewController.swift in Sources */,
				1DD3DD8B20309BEB00A0F152 /* EventVods.swift in Sources */,
				1DD3DD8920309AFA00A0F152 /* Endpoint.swift in Sources */,
				1D9F5A3A20546DA600D3A7D0 /* YZSwipeBetweenViewController.swift in Sources */,
				1D95A1BB2043A56400266E32 /* UIView+Vods.swift in Sources */,
				1D37E1F020392BA300AEDCDB /* Match.swift in Sources */,
			);
			runOnlyForDeploymentPostprocessing = 0;
		};
		1DB24CDF202B6F3800E6BDB3 /* Sources */ = {
			isa = PBXSourcesBuildPhase;
			buildActionMask = 2147483647;
			files = (
				1DB24CE8202B6F3800E6BDB3 /* Event_VodsTests.swift in Sources */,
			);
			runOnlyForDeploymentPostprocessing = 0;
		};
/* End PBXSourcesBuildPhase section */

/* Begin PBXTargetDependency section */
		1D799C0C205DF83B009E8001 /* PBXTargetDependency */ = {
			isa = PBXTargetDependency;
			target = 1DB24CCE202B6F3800E6BDB3 /* Eventvods */;
			targetProxy = 1D799C0B205DF83B009E8001 /* PBXContainerItemProxy */;
		};
		1DB24CE5202B6F3800E6BDB3 /* PBXTargetDependency */ = {
			isa = PBXTargetDependency;
			target = 1DB24CCE202B6F3800E6BDB3 /* Eventvods */;
			targetProxy = 1DB24CE4202B6F3800E6BDB3 /* PBXContainerItemProxy */;
		};
/* End PBXTargetDependency section */

/* Begin PBXVariantGroup section */
		1DB24CD6202B6F3800E6BDB3 /* Main.storyboard */ = {
			isa = PBXVariantGroup;
			children = (
				1DB24CD7202B6F3800E6BDB3 /* Base */,
			);
			name = Main.storyboard;
			sourceTree = "<group>";
		};
		1DB24CDB202B6F3800E6BDB3 /* LaunchScreen.storyboard */ = {
			isa = PBXVariantGroup;
			children = (
				1DB24CDC202B6F3800E6BDB3 /* Base */,
			);
			name = LaunchScreen.storyboard;
			sourceTree = "<group>";
		};
/* End PBXVariantGroup section */

/* Begin XCBuildConfiguration section */
		1D799C0E205DF83B009E8001 /* Debug */ = {
			isa = XCBuildConfiguration;
			buildSettings = {
				CODE_SIGN_STYLE = Automatic;
				DEVELOPMENT_TEAM = P6P7F9RSRA;
				INFOPLIST_FILE = EventvodsUITests/Info.plist;
				IPHONEOS_DEPLOYMENT_TARGET = 11.2;
				LD_RUNPATH_SEARCH_PATHS = "$(inherited) @executable_path/Frameworks @loader_path/Frameworks";
				PRODUCT_BUNDLE_IDENTIFIER = com.juliensaad.EventvodsUITests;
				PRODUCT_NAME = "$(TARGET_NAME)";
				SWIFT_VERSION = 4.0;
				TARGETED_DEVICE_FAMILY = "1,2";
				TEST_TARGET_NAME = Eventvods;
			};
			name = Debug;
		};
		1D799C0F205DF83B009E8001 /* Release */ = {
			isa = XCBuildConfiguration;
			buildSettings = {
				CODE_SIGN_STYLE = Automatic;
				DEVELOPMENT_TEAM = P6P7F9RSRA;
				INFOPLIST_FILE = EventvodsUITests/Info.plist;
				IPHONEOS_DEPLOYMENT_TARGET = 11.2;
				LD_RUNPATH_SEARCH_PATHS = "$(inherited) @executable_path/Frameworks @loader_path/Frameworks";
				PRODUCT_BUNDLE_IDENTIFIER = com.juliensaad.EventvodsUITests;
				PRODUCT_NAME = "$(TARGET_NAME)";
				SWIFT_VERSION = 4.0;
				TARGETED_DEVICE_FAMILY = "1,2";
				TEST_TARGET_NAME = Eventvods;
			};
			name = Release;
		};
		1DB24CEA202B6F3800E6BDB3 /* Debug */ = {
			isa = XCBuildConfiguration;
			buildSettings = {
				ALWAYS_SEARCH_USER_PATHS = NO;
				CLANG_ANALYZER_NONNULL = YES;
				CLANG_ANALYZER_NUMBER_OBJECT_CONVERSION = YES_AGGRESSIVE;
				CLANG_CXX_LANGUAGE_STANDARD = "gnu++14";
				CLANG_CXX_LIBRARY = "libc++";
				CLANG_ENABLE_MODULES = YES;
				CLANG_ENABLE_OBJC_ARC = YES;
				CLANG_WARN_BLOCK_CAPTURE_AUTORELEASING = YES;
				CLANG_WARN_BOOL_CONVERSION = YES;
				CLANG_WARN_COMMA = YES;
				CLANG_WARN_CONSTANT_CONVERSION = YES;
				CLANG_WARN_DIRECT_OBJC_ISA_USAGE = YES_ERROR;
				CLANG_WARN_DOCUMENTATION_COMMENTS = YES;
				CLANG_WARN_EMPTY_BODY = YES;
				CLANG_WARN_ENUM_CONVERSION = YES;
				CLANG_WARN_INFINITE_RECURSION = YES;
				CLANG_WARN_INT_CONVERSION = YES;
				CLANG_WARN_NON_LITERAL_NULL_CONVERSION = YES;
				CLANG_WARN_OBJC_LITERAL_CONVERSION = YES;
				CLANG_WARN_OBJC_ROOT_CLASS = YES_ERROR;
				CLANG_WARN_RANGE_LOOP_ANALYSIS = YES;
				CLANG_WARN_STRICT_PROTOTYPES = YES;
				CLANG_WARN_SUSPICIOUS_MOVE = YES;
				CLANG_WARN_UNGUARDED_AVAILABILITY = YES_AGGRESSIVE;
				CLANG_WARN_UNREACHABLE_CODE = YES;
				CLANG_WARN__DUPLICATE_METHOD_MATCH = YES;
				CODE_SIGN_IDENTITY = "iPhone Developer";
				COPY_PHASE_STRIP = NO;
				CURRENT_PROJECT_VERSION = 32;
				DEBUG_INFORMATION_FORMAT = dwarf;
				ENABLE_STRICT_OBJC_MSGSEND = YES;
				ENABLE_TESTABILITY = YES;
				GCC_C_LANGUAGE_STANDARD = gnu11;
				GCC_DYNAMIC_NO_PIC = NO;
				GCC_NO_COMMON_BLOCKS = YES;
				GCC_OPTIMIZATION_LEVEL = 0;
				GCC_PREPROCESSOR_DEFINITIONS = (
					"DEBUG=1",
					"$(inherited)",
				);
				GCC_WARN_64_TO_32_BIT_CONVERSION = YES;
				GCC_WARN_ABOUT_RETURN_TYPE = YES_ERROR;
				GCC_WARN_UNDECLARED_SELECTOR = YES;
				GCC_WARN_UNINITIALIZED_AUTOS = YES_AGGRESSIVE;
				GCC_WARN_UNUSED_FUNCTION = YES;
				GCC_WARN_UNUSED_VARIABLE = YES;
				IPHONEOS_DEPLOYMENT_TARGET = 11.0;
				MTL_ENABLE_DEBUG_INFO = YES;
				ONLY_ACTIVE_ARCH = YES;
				SDKROOT = iphoneos;
				SWIFT_ACTIVE_COMPILATION_CONDITIONS = DEBUG;
				SWIFT_OPTIMIZATION_LEVEL = "-Onone";
				VERSIONING_SYSTEM = "apple-generic";
			};
			name = Debug;
		};
		1DB24CEB202B6F3800E6BDB3 /* Release */ = {
			isa = XCBuildConfiguration;
			buildSettings = {
				ALWAYS_SEARCH_USER_PATHS = NO;
				CLANG_ANALYZER_NONNULL = YES;
				CLANG_ANALYZER_NUMBER_OBJECT_CONVERSION = YES_AGGRESSIVE;
				CLANG_CXX_LANGUAGE_STANDARD = "gnu++14";
				CLANG_CXX_LIBRARY = "libc++";
				CLANG_ENABLE_MODULES = YES;
				CLANG_ENABLE_OBJC_ARC = YES;
				CLANG_WARN_BLOCK_CAPTURE_AUTORELEASING = YES;
				CLANG_WARN_BOOL_CONVERSION = YES;
				CLANG_WARN_COMMA = YES;
				CLANG_WARN_CONSTANT_CONVERSION = YES;
				CLANG_WARN_DIRECT_OBJC_ISA_USAGE = YES_ERROR;
				CLANG_WARN_DOCUMENTATION_COMMENTS = YES;
				CLANG_WARN_EMPTY_BODY = YES;
				CLANG_WARN_ENUM_CONVERSION = YES;
				CLANG_WARN_INFINITE_RECURSION = YES;
				CLANG_WARN_INT_CONVERSION = YES;
				CLANG_WARN_NON_LITERAL_NULL_CONVERSION = YES;
				CLANG_WARN_OBJC_LITERAL_CONVERSION = YES;
				CLANG_WARN_OBJC_ROOT_CLASS = YES_ERROR;
				CLANG_WARN_RANGE_LOOP_ANALYSIS = YES;
				CLANG_WARN_STRICT_PROTOTYPES = YES;
				CLANG_WARN_SUSPICIOUS_MOVE = YES;
				CLANG_WARN_UNGUARDED_AVAILABILITY = YES_AGGRESSIVE;
				CLANG_WARN_UNREACHABLE_CODE = YES;
				CLANG_WARN__DUPLICATE_METHOD_MATCH = YES;
				CODE_SIGN_IDENTITY = "iPhone Developer";
				COPY_PHASE_STRIP = NO;
				CURRENT_PROJECT_VERSION = 32;
				DEBUG_INFORMATION_FORMAT = "dwarf-with-dsym";
				ENABLE_NS_ASSERTIONS = NO;
				ENABLE_STRICT_OBJC_MSGSEND = YES;
				GCC_C_LANGUAGE_STANDARD = gnu11;
				GCC_NO_COMMON_BLOCKS = YES;
				GCC_WARN_64_TO_32_BIT_CONVERSION = YES;
				GCC_WARN_ABOUT_RETURN_TYPE = YES_ERROR;
				GCC_WARN_UNDECLARED_SELECTOR = YES;
				GCC_WARN_UNINITIALIZED_AUTOS = YES_AGGRESSIVE;
				GCC_WARN_UNUSED_FUNCTION = YES;
				GCC_WARN_UNUSED_VARIABLE = YES;
				IPHONEOS_DEPLOYMENT_TARGET = 11.0;
				MTL_ENABLE_DEBUG_INFO = NO;
				SDKROOT = iphoneos;
				SWIFT_OPTIMIZATION_LEVEL = "-Owholemodule";
				VALIDATE_PRODUCT = YES;
				VERSIONING_SYSTEM = "apple-generic";
			};
			name = Release;
		};
		1DB24CED202B6F3800E6BDB3 /* Debug */ = {
			isa = XCBuildConfiguration;
			baseConfigurationReference = 6835E73D282FF406D5ED1A5D /* Pods-Eventvods.debug.xcconfig */;
			buildSettings = {
				ASSETCATALOG_COMPILER_APPICON_NAME = AppIcon;
				"CODE_SIGN_IDENTITY[sdk=iphoneos*]" = "iPhone Developer";
				CODE_SIGN_STYLE = Automatic;
				DEVELOPMENT_TEAM = P6P7F9RSRA;
				FRAMEWORK_SEARCH_PATHS = (
					"$(inherited)",
					"$(PROJECT_DIR)",
				);
				INFOPLIST_FILE = Eventvods/Info.plist;
				LD_RUNPATH_SEARCH_PATHS = "$(inherited) @executable_path/Frameworks";
				PRODUCT_BUNDLE_IDENTIFIER = "com.juliensaad.Event-Vods";
				PRODUCT_NAME = "$(TARGET_NAME)";
				PROVISIONING_PROFILE_SPECIFIER = "";
				SWIFT_VERSION = 4.0;
				TARGETED_DEVICE_FAMILY = "1,2";
			};
			name = Debug;
		};
		1DB24CEE202B6F3800E6BDB3 /* Release */ = {
			isa = XCBuildConfiguration;
			baseConfigurationReference = E445E8003FD7F81A90D9E734 /* Pods-Eventvods.release.xcconfig */;
			buildSettings = {
				ASSETCATALOG_COMPILER_APPICON_NAME = AppIcon;
				"CODE_SIGN_IDENTITY[sdk=iphoneos*]" = "iPhone Developer";
				CODE_SIGN_STYLE = Automatic;
				DEVELOPMENT_TEAM = P6P7F9RSRA;
				FRAMEWORK_SEARCH_PATHS = (
					"$(inherited)",
					"$(PROJECT_DIR)",
				);
				INFOPLIST_FILE = Eventvods/Info.plist;
				LD_RUNPATH_SEARCH_PATHS = "$(inherited) @executable_path/Frameworks";
				PRODUCT_BUNDLE_IDENTIFIER = "com.juliensaad.Event-Vods";
				PRODUCT_NAME = "$(TARGET_NAME)";
				PROVISIONING_PROFILE_SPECIFIER = "";
				SWIFT_VERSION = 4.0;
				TARGETED_DEVICE_FAMILY = "1,2";
			};
			name = Release;
		};
		1DB24CF0202B6F3800E6BDB3 /* Debug */ = {
			isa = XCBuildConfiguration;
			baseConfigurationReference = 3D2001AE95AE919A72D29A71 /* Pods-EventvodsTests.debug.xcconfig */;
			buildSettings = {
				ALWAYS_EMBED_SWIFT_STANDARD_LIBRARIES = YES;
				BUNDLE_LOADER = "$(TEST_HOST)";
				CODE_SIGN_STYLE = Automatic;
				DEVELOPMENT_TEAM = P6P7F9RSRA;
				INFOPLIST_FILE = EventvodsTests/Info.plist;
				LD_RUNPATH_SEARCH_PATHS = "$(inherited) @executable_path/Frameworks @loader_path/Frameworks";
				PRODUCT_BUNDLE_IDENTIFIER = "com.juliensaad.Event-VodsTests";
				PRODUCT_NAME = "$(TARGET_NAME)";
				SWIFT_VERSION = 4.0;
				TARGETED_DEVICE_FAMILY = "1,2";
				TEST_HOST = "$(BUILT_PRODUCTS_DIR)/Eventvods.app/Eventvods";
			};
			name = Debug;
		};
		1DB24CF1202B6F3800E6BDB3 /* Release */ = {
			isa = XCBuildConfiguration;
			baseConfigurationReference = 174532E4DD2F2B325524A192 /* Pods-EventvodsTests.release.xcconfig */;
			buildSettings = {
				ALWAYS_EMBED_SWIFT_STANDARD_LIBRARIES = YES;
				BUNDLE_LOADER = "$(TEST_HOST)";
				CODE_SIGN_STYLE = Automatic;
				DEVELOPMENT_TEAM = P6P7F9RSRA;
				INFOPLIST_FILE = EventvodsTests/Info.plist;
				LD_RUNPATH_SEARCH_PATHS = "$(inherited) @executable_path/Frameworks @loader_path/Frameworks";
				PRODUCT_BUNDLE_IDENTIFIER = "com.juliensaad.Event-VodsTests";
				PRODUCT_NAME = "$(TARGET_NAME)";
				SWIFT_VERSION = 4.0;
				TARGETED_DEVICE_FAMILY = "1,2";
				TEST_HOST = "$(BUILT_PRODUCTS_DIR)/Eventvods.app/Eventvods";
			};
			name = Release;
		};
/* End XCBuildConfiguration section */

/* Begin XCConfigurationList section */
		1D799C0D205DF83B009E8001 /* Build configuration list for PBXNativeTarget "EventvodsUITests" */ = {
			isa = XCConfigurationList;
			buildConfigurations = (
				1D799C0E205DF83B009E8001 /* Debug */,
				1D799C0F205DF83B009E8001 /* Release */,
			);
			defaultConfigurationIsVisible = 0;
			defaultConfigurationName = Release;
		};
		1DB24CCA202B6F3800E6BDB3 /* Build configuration list for PBXProject "Eventvods" */ = {
			isa = XCConfigurationList;
			buildConfigurations = (
				1DB24CEA202B6F3800E6BDB3 /* Debug */,
				1DB24CEB202B6F3800E6BDB3 /* Release */,
			);
			defaultConfigurationIsVisible = 0;
			defaultConfigurationName = Release;
		};
		1DB24CEC202B6F3800E6BDB3 /* Build configuration list for PBXNativeTarget "Eventvods" */ = {
			isa = XCConfigurationList;
			buildConfigurations = (
				1DB24CED202B6F3800E6BDB3 /* Debug */,
				1DB24CEE202B6F3800E6BDB3 /* Release */,
			);
			defaultConfigurationIsVisible = 0;
			defaultConfigurationName = Release;
		};
		1DB24CEF202B6F3800E6BDB3 /* Build configuration list for PBXNativeTarget "EventvodsTests" */ = {
			isa = XCConfigurationList;
			buildConfigurations = (
				1DB24CF0202B6F3800E6BDB3 /* Debug */,
				1DB24CF1202B6F3800E6BDB3 /* Release */,
			);
			defaultConfigurationIsVisible = 0;
			defaultConfigurationName = Release;
		};
/* End XCConfigurationList section */
	};
	rootObject = 1DB24CC7202B6F3800E6BDB3 /* Project object */;
}
